// !$*UTF8*$!
{
	archiveVersion = 1;
	classes = {
	};
	objectVersion = 56;
	objects = {

/* Begin PBXBuildFile section */
		0912ED862997F8370006CC38 /* AppDelegate.swift in Sources */ = {isa = PBXBuildFile; fileRef = 0912ED852997F8370006CC38 /* AppDelegate.swift */; };
		0912ED882997F8370006CC38 /* SceneDelegate.swift in Sources */ = {isa = PBXBuildFile; fileRef = 0912ED872997F8370006CC38 /* SceneDelegate.swift */; };
		0912ED8A2997F8370006CC38 /* OverviewViewController.swift in Sources */ = {isa = PBXBuildFile; fileRef = 0912ED892997F8370006CC38 /* OverviewViewController.swift */; };
		0912ED8F2997F8390006CC38 /* Assets.xcassets in Resources */ = {isa = PBXBuildFile; fileRef = 0912ED8E2997F8390006CC38 /* Assets.xcassets */; };
		0912ED922997F8390006CC38 /* LaunchScreen.storyboard in Resources */ = {isa = PBXBuildFile; fileRef = 0912ED902997F8390006CC38 /* LaunchScreen.storyboard */; };
		0912ED9D299800910006CC38 /* TabBarController.swift in Sources */ = {isa = PBXBuildFile; fileRef = 0912ED9C299800910006CC38 /* TabBarController.swift */; };
		0912EDA0299801350006CC38 /* UIColor + ext.swift in Sources */ = {isa = PBXBuildFile; fileRef = 0912ED9F299801350006CC38 /* UIColor + ext.swift */; };
		0912EDA32998016C0006CC38 /* R.swift in Sources */ = {isa = PBXBuildFile; fileRef = 0912EDA22998016C0006CC38 /* R.swift */; };
		0912EDA529980FB30006CC38 /* NavBarController.swift in Sources */ = {isa = PBXBuildFile; fileRef = 0912EDA429980FB30006CC38 /* NavBarController.swift */; };
		0912EDA9299811C10006CC38 /* BaseController.swift in Sources */ = {isa = PBXBuildFile; fileRef = 0912EDA8299811C10006CC38 /* BaseController.swift */; };
		0912EDAB299814160006CC38 /* UIView + ext.swift in Sources */ = {isa = PBXBuildFile; fileRef = 0912EDAA299814160006CC38 /* UIView + ext.swift */; };
		0912EDB4299815EE0006CC38 /* SessionController.swift in Sources */ = {isa = PBXBuildFile; fileRef = 0912EDB3299815EE0006CC38 /* SessionController.swift */; };
		0912EDB6299815FF0006CC38 /* ProgressController.swift in Sources */ = {isa = PBXBuildFile; fileRef = 0912EDB5299815FF0006CC38 /* ProgressController.swift */; };
		0912EDB82998160E0006CC38 /* SettingsController.swift in Sources */ = {isa = PBXBuildFile; fileRef = 0912EDB72998160E0006CC38 /* SettingsController.swift */; };
		0912EDBB29981D010006CC38 /* WAButton.swift in Sources */ = {isa = PBXBuildFile; fileRef = 0912EDBA29981D010006CC38 /* WAButton.swift */; };
		094BAC13299BA7A800B12ED2 /* TimerView.swift in Sources */ = {isa = PBXBuildFile; fileRef = 094BAC12299BA7A800B12ED2 /* TimerView.swift */; };
		094BAC16299BA85500B12ED2 /* ProgressView.swift in Sources */ = {isa = PBXBuildFile; fileRef = 094BAC15299BA85500B12ED2 /* ProgressView.swift */; };
		09C73E4F29998F35001DACD0 /* OverviewNavBar.swift in Sources */ = {isa = PBXBuildFile; fileRef = 09C73E4E29998F35001DACD0 /* OverviewNavBar.swift */; };
		09C73E5129998F85001DACD0 /* BaseView.swift in Sources */ = {isa = PBXBuildFile; fileRef = 09C73E5029998F85001DACD0 /* BaseView.swift */; };
		09C73E54299A34AE001DACD0 /* WeekView.swift in Sources */ = {isa = PBXBuildFile; fileRef = 09C73E53299A34AE001DACD0 /* WeekView.swift */; };
		09E45558299AA9B800FEC456 /* WeekdayView.swift in Sources */ = {isa = PBXBuildFile; fileRef = 09E45557299AA9B800FEC456 /* WeekdayView.swift */; };
		09E4555A299AB04800FEC456 /* Date + ext.swift in Sources */ = {isa = PBXBuildFile; fileRef = 09E45559299AB04800FEC456 /* Date + ext.swift */; };
		09E4555D299AD50700FEC456 /* WABaseInfoView.swift in Sources */ = {isa = PBXBuildFile; fileRef = 09E4555C299AD50700FEC456 /* WABaseInfoView.swift */; };
/* End PBXBuildFile section */

/* Begin PBXFileReference section */
		0912ED822997F8370006CC38 /* TrainingStatistics.app */ = {isa = PBXFileReference; explicitFileType = wrapper.application; includeInIndex = 0; path = TrainingStatistics.app; sourceTree = BUILT_PRODUCTS_DIR; };
		0912ED852997F8370006CC38 /* AppDelegate.swift */ = {isa = PBXFileReference; lastKnownFileType = sourcecode.swift; path = AppDelegate.swift; sourceTree = "<group>"; };
		0912ED872997F8370006CC38 /* SceneDelegate.swift */ = {isa = PBXFileReference; lastKnownFileType = sourcecode.swift; path = SceneDelegate.swift; sourceTree = "<group>"; };
		0912ED892997F8370006CC38 /* OverviewViewController.swift */ = {isa = PBXFileReference; lastKnownFileType = sourcecode.swift; path = OverviewViewController.swift; sourceTree = "<group>"; };
		0912ED8E2997F8390006CC38 /* Assets.xcassets */ = {isa = PBXFileReference; lastKnownFileType = folder.assetcatalog; path = Assets.xcassets; sourceTree = "<group>"; };
		0912ED912997F8390006CC38 /* Base */ = {isa = PBXFileReference; lastKnownFileType = file.storyboard; name = Base; path = Base.lproj/LaunchScreen.storyboard; sourceTree = "<group>"; };
		0912ED932997F8390006CC38 /* Info.plist */ = {isa = PBXFileReference; lastKnownFileType = text.plist.xml; path = Info.plist; sourceTree = "<group>"; };
		0912ED9C299800910006CC38 /* TabBarController.swift */ = {isa = PBXFileReference; lastKnownFileType = sourcecode.swift; path = TabBarController.swift; sourceTree = "<group>"; };
		0912ED9F299801350006CC38 /* UIColor + ext.swift */ = {isa = PBXFileReference; lastKnownFileType = sourcecode.swift; path = "UIColor + ext.swift"; sourceTree = "<group>"; };
		0912EDA22998016C0006CC38 /* R.swift */ = {isa = PBXFileReference; lastKnownFileType = sourcecode.swift; path = R.swift; sourceTree = "<group>"; };
		0912EDA429980FB30006CC38 /* NavBarController.swift */ = {isa = PBXFileReference; lastKnownFileType = sourcecode.swift; path = NavBarController.swift; sourceTree = "<group>"; };
		0912EDA8299811C10006CC38 /* BaseController.swift */ = {isa = PBXFileReference; lastKnownFileType = sourcecode.swift; path = BaseController.swift; sourceTree = "<group>"; };
		0912EDAA299814160006CC38 /* UIView + ext.swift */ = {isa = PBXFileReference; lastKnownFileType = sourcecode.swift; path = "UIView + ext.swift"; sourceTree = "<group>"; };
		0912EDB3299815EE0006CC38 /* SessionController.swift */ = {isa = PBXFileReference; lastKnownFileType = sourcecode.swift; path = SessionController.swift; sourceTree = "<group>"; };
		0912EDB5299815FF0006CC38 /* ProgressController.swift */ = {isa = PBXFileReference; lastKnownFileType = sourcecode.swift; path = ProgressController.swift; sourceTree = "<group>"; };
		0912EDB72998160E0006CC38 /* SettingsController.swift */ = {isa = PBXFileReference; lastKnownFileType = sourcecode.swift; path = SettingsController.swift; sourceTree = "<group>"; };
		0912EDBA29981D010006CC38 /* WAButton.swift */ = {isa = PBXFileReference; lastKnownFileType = sourcecode.swift; path = WAButton.swift; sourceTree = "<group>"; };
		094BAC12299BA7A800B12ED2 /* TimerView.swift */ = {isa = PBXFileReference; lastKnownFileType = sourcecode.swift; path = TimerView.swift; sourceTree = "<group>"; };
		094BAC15299BA85500B12ED2 /* ProgressView.swift */ = {isa = PBXFileReference; lastKnownFileType = sourcecode.swift; path = ProgressView.swift; sourceTree = "<group>"; };
		09C73E4E29998F35001DACD0 /* OverviewNavBar.swift */ = {isa = PBXFileReference; lastKnownFileType = sourcecode.swift; path = OverviewNavBar.swift; sourceTree = "<group>"; };
		09C73E5029998F85001DACD0 /* BaseView.swift */ = {isa = PBXFileReference; lastKnownFileType = sourcecode.swift; path = BaseView.swift; sourceTree = "<group>"; };
		09C73E53299A34AE001DACD0 /* WeekView.swift */ = {isa = PBXFileReference; lastKnownFileType = sourcecode.swift; path = WeekView.swift; sourceTree = "<group>"; };
		09E45557299AA9B800FEC456 /* WeekdayView.swift */ = {isa = PBXFileReference; lastKnownFileType = sourcecode.swift; path = WeekdayView.swift; sourceTree = "<group>"; };
		09E45559299AB04800FEC456 /* Date + ext.swift */ = {isa = PBXFileReference; lastKnownFileType = sourcecode.swift; path = "Date + ext.swift"; sourceTree = "<group>"; };
		09E4555C299AD50700FEC456 /* WABaseInfoView.swift */ = {isa = PBXFileReference; lastKnownFileType = sourcecode.swift; path = WABaseInfoView.swift; sourceTree = "<group>"; };
/* End PBXFileReference section */

/* Begin PBXFrameworksBuildPhase section */
		0912ED7F2997F8370006CC38 /* Frameworks */ = {
			isa = PBXFrameworksBuildPhase;
			buildActionMask = 2147483647;
			files = (
			);
			runOnlyForDeploymentPostprocessing = 0;
		};
/* End PBXFrameworksBuildPhase section */

/* Begin PBXGroup section */
		0912ED792997F8370006CC38 = {
			isa = PBXGroup;
			children = (
				0912ED842997F8370006CC38 /* TrainingStatistics */,
				0912ED832997F8370006CC38 /* Products */,
			);
			sourceTree = "<group>";
		};
		0912ED832997F8370006CC38 /* Products */ = {
			isa = PBXGroup;
			children = (
				0912ED822997F8370006CC38 /* TrainingStatistics.app */,
			);
			name = Products;
			sourceTree = "<group>";
		};
		0912ED842997F8370006CC38 /* TrainingStatistics */ = {
			isa = PBXGroup;
			children = (
				0912ED992997FF8B0006CC38 /* Application */,
				0912ED9E2998011D0006CC38 /* Helpers */,
				0912EDA6299811900006CC38 /* Controllers */,
				0912ED9B2997FFAF0006CC38 /* SupportingFiles */,
			);
			path = TrainingStatistics;
			sourceTree = "<group>";
		};
		0912ED992997FF8B0006CC38 /* Application */ = {
			isa = PBXGroup;
			children = (
				0912ED852997F8370006CC38 /* AppDelegate.swift */,
				0912ED872997F8370006CC38 /* SceneDelegate.swift */,
			);
			path = Application;
			sourceTree = "<group>";
		};
		0912ED9B2997FFAF0006CC38 /* SupportingFiles */ = {
			isa = PBXGroup;
			children = (
				0912ED8E2997F8390006CC38 /* Assets.xcassets */,
				0912ED902997F8390006CC38 /* LaunchScreen.storyboard */,
				0912ED932997F8390006CC38 /* Info.plist */,
			);
			path = SupportingFiles;
			sourceTree = "<group>";
		};
		0912ED9E2998011D0006CC38 /* Helpers */ = {
			isa = PBXGroup;
			children = (
				0912EDA12998013E0006CC38 /* Extensions */,
				0912EDA22998016C0006CC38 /* R.swift */,
			);
			name = Helpers;
			sourceTree = "<group>";
		};
		0912EDA12998013E0006CC38 /* Extensions */ = {
			isa = PBXGroup;
			children = (
				0912ED9F299801350006CC38 /* UIColor + ext.swift */,
				0912EDAA299814160006CC38 /* UIView + ext.swift */,
				09E45559299AB04800FEC456 /* Date + ext.swift */,
			);
			name = Extensions;
			sourceTree = "<group>";
		};
		0912EDA6299811900006CC38 /* Controllers */ = {
			isa = PBXGroup;
			children = (
				0912EDB2299815CB0006CC38 /* Settings */,
				0912EDB1299815C20006CC38 /* Progress */,
				0912EDAE2998159F0006CC38 /* Sessions */,
				0912EDAD299815910006CC38 /* Overview */,
				0912EDAC299815720006CC38 /* Base */,
			);
			path = Controllers;
			sourceTree = "<group>";
		};
		0912EDAC299815720006CC38 /* Base */ = {
			isa = PBXGroup;
			children = (
				09E4555B299AD4F300FEC456 /* Views */,
				0912ED9C299800910006CC38 /* TabBarController.swift */,
				0912EDA429980FB30006CC38 /* NavBarController.swift */,
				0912EDA8299811C10006CC38 /* BaseController.swift */,
				09C73E5029998F85001DACD0 /* BaseView.swift */,
				0912EDBA29981D010006CC38 /* WAButton.swift */,
			);
			path = Base;
			sourceTree = "<group>";
		};
		0912EDAD299815910006CC38 /* Overview */ = {
			isa = PBXGroup;
			children = (
				0912EDB929981CCE0006CC38 /* Views */,
				0912ED892997F8370006CC38 /* OverviewViewController.swift */,
			);
			name = Overview;
			sourceTree = "<group>";
		};
		0912EDAE2998159F0006CC38 /* Sessions */ = {
			isa = PBXGroup;
			children = (
				094BAC11299BA79000B12ED2 /* Views */,
				0912EDB3299815EE0006CC38 /* SessionController.swift */,
			);
			name = Sessions;
			sourceTree = "<group>";
		};
		0912EDB1299815C20006CC38 /* Progress */ = {
			isa = PBXGroup;
			children = (
				0912EDB5299815FF0006CC38 /* ProgressController.swift */,
			);
			path = Progress;
			sourceTree = "<group>";
		};
		0912EDB2299815CB0006CC38 /* Settings */ = {
			isa = PBXGroup;
			children = (
				0912EDB72998160E0006CC38 /* SettingsController.swift */,
			);
			name = Settings;
			sourceTree = "<group>";
		};
		0912EDB929981CCE0006CC38 /* Views */ = {
			isa = PBXGroup;
			children = (
				09C73E52299A3491001DACD0 /* WeekView */,
				09C73E4E29998F35001DACD0 /* OverviewNavBar.swift */,
			);
			name = Views;
			sourceTree = "<group>";
		};
		094BAC11299BA79000B12ED2 /* Views */ = {
			isa = PBXGroup;
			children = (
				094BAC14299BA83E00B12ED2 /* Timer */,
			);
			name = Views;
			sourceTree = "<group>";
		};
		094BAC14299BA83E00B12ED2 /* Timer */ = {
			isa = PBXGroup;
			children = (
				094BAC12299BA7A800B12ED2 /* TimerView.swift */,
				094BAC15299BA85500B12ED2 /* ProgressView.swift */,
			);
			name = Timer;
			sourceTree = "<group>";
		};
		09C73E52299A3491001DACD0 /* WeekView */ = {
			isa = PBXGroup;
			children = (
				09C73E53299A34AE001DACD0 /* WeekView.swift */,
				09E45557299AA9B800FEC456 /* WeekdayView.swift */,
			);
			name = WeekView;
			sourceTree = "<group>";
		};
		09E4555B299AD4F300FEC456 /* Views */ = {
			isa = PBXGroup;
			children = (
				09E4555C299AD50700FEC456 /* WABaseInfoView.swift */,
			);
			path = Views;
			sourceTree = "<group>";
		};
/* End PBXGroup section */

/* Begin PBXNativeTarget section */
		0912ED812997F8370006CC38 /* TrainingStatistics */ = {
			isa = PBXNativeTarget;
			buildConfigurationList = 0912ED962997F8390006CC38 /* Build configuration list for PBXNativeTarget "TrainingStatistics" */;
			buildPhases = (
				0912ED7E2997F8370006CC38 /* Sources */,
				0912ED7F2997F8370006CC38 /* Frameworks */,
				0912ED802997F8370006CC38 /* Resources */,
			);
			buildRules = (
			);
			dependencies = (
			);
			name = TrainingStatistics;
			productName = TrainingStatistics;
			productReference = 0912ED822997F8370006CC38 /* TrainingStatistics.app */;
			productType = "com.apple.product-type.application";
		};
/* End PBXNativeTarget section */

/* Begin PBXProject section */
		0912ED7A2997F8370006CC38 /* Project object */ = {
			isa = PBXProject;
			attributes = {
				BuildIndependentTargetsInParallel = 1;
				LastSwiftUpdateCheck = 1400;
				LastUpgradeCheck = 1400;
				TargetAttributes = {
					0912ED812997F8370006CC38 = {
						CreatedOnToolsVersion = 14.0;
					};
				};
			};
			buildConfigurationList = 0912ED7D2997F8370006CC38 /* Build configuration list for PBXProject "TrainingStatistics" */;
			compatibilityVersion = "Xcode 14.0";
			developmentRegion = en;
			hasScannedForEncodings = 0;
			knownRegions = (
				en,
				Base,
			);
			mainGroup = 0912ED792997F8370006CC38;
			productRefGroup = 0912ED832997F8370006CC38 /* Products */;
			projectDirPath = "";
			projectRoot = "";
			targets = (
				0912ED812997F8370006CC38 /* TrainingStatistics */,
			);
		};
/* End PBXProject section */

/* Begin PBXResourcesBuildPhase section */
		0912ED802997F8370006CC38 /* Resources */ = {
			isa = PBXResourcesBuildPhase;
			buildActionMask = 2147483647;
			files = (
				0912ED922997F8390006CC38 /* LaunchScreen.storyboard in Resources */,
				0912ED8F2997F8390006CC38 /* Assets.xcassets in Resources */,
			);
			runOnlyForDeploymentPostprocessing = 0;
		};
/* End PBXResourcesBuildPhase section */

/* Begin PBXSourcesBuildPhase section */
		0912ED7E2997F8370006CC38 /* Sources */ = {
			isa = PBXSourcesBuildPhase;
			buildActionMask = 2147483647;
			files = (
				09E4555D299AD50700FEC456 /* WABaseInfoView.swift in Sources */,
				09C73E54299A34AE001DACD0 /* WeekView.swift in Sources */,
				09E4555A299AB04800FEC456 /* Date + ext.swift in Sources */,
				0912EDB82998160E0006CC38 /* SettingsController.swift in Sources */,
				0912ED8A2997F8370006CC38 /* OverviewViewController.swift in Sources */,
				09C73E4F29998F35001DACD0 /* OverviewNavBar.swift in Sources */,
				0912EDAB299814160006CC38 /* UIView + ext.swift in Sources */,
				0912ED9D299800910006CC38 /* TabBarController.swift in Sources */,
				0912ED862997F8370006CC38 /* AppDelegate.swift in Sources */,
				0912EDB4299815EE0006CC38 /* SessionController.swift in Sources */,
				094BAC13299BA7A800B12ED2 /* TimerView.swift in Sources */,
				094BAC16299BA85500B12ED2 /* ProgressView.swift in Sources */,
				0912EDBB29981D010006CC38 /* WAButton.swift in Sources */,
				0912EDB6299815FF0006CC38 /* ProgressController.swift in Sources */,
				0912EDA529980FB30006CC38 /* NavBarController.swift in Sources */,
				0912EDA0299801350006CC38 /* UIColor + ext.swift in Sources */,
				0912EDA32998016C0006CC38 /* R.swift in Sources */,
				09C73E5129998F85001DACD0 /* BaseView.swift in Sources */,
				09E45558299AA9B800FEC456 /* WeekdayView.swift in Sources */,
				0912EDA9299811C10006CC38 /* BaseController.swift in Sources */,
				0912ED882997F8370006CC38 /* SceneDelegate.swift in Sources */,
			);
			runOnlyForDeploymentPostprocessing = 0;
		};
/* End PBXSourcesBuildPhase section */

/* Begin PBXVariantGroup section */
		0912ED902997F8390006CC38 /* LaunchScreen.storyboard */ = {
			isa = PBXVariantGroup;
			children = (
				0912ED912997F8390006CC38 /* Base */,
			);
			name = LaunchScreen.storyboard;
			sourceTree = "<group>";
		};
/* End PBXVariantGroup section */

/* Begin XCBuildConfiguration section */
		0912ED942997F8390006CC38 /* Debug */ = {
			isa = XCBuildConfiguration;
			buildSettings = {
				ALWAYS_SEARCH_USER_PATHS = NO;
				CLANG_ANALYZER_NONNULL = YES;
				CLANG_ANALYZER_NUMBER_OBJECT_CONVERSION = YES_AGGRESSIVE;
				CLANG_CXX_LANGUAGE_STANDARD = "gnu++20";
				CLANG_ENABLE_MODULES = YES;
				CLANG_ENABLE_OBJC_ARC = YES;
				CLANG_ENABLE_OBJC_WEAK = YES;
				CLANG_WARN_BLOCK_CAPTURE_AUTORELEASING = YES;
				CLANG_WARN_BOOL_CONVERSION = YES;
				CLANG_WARN_COMMA = YES;
				CLANG_WARN_CONSTANT_CONVERSION = YES;
				CLANG_WARN_DEPRECATED_OBJC_IMPLEMENTATIONS = YES;
				CLANG_WARN_DIRECT_OBJC_ISA_USAGE = YES_ERROR;
				CLANG_WARN_DOCUMENTATION_COMMENTS = YES;
				CLANG_WARN_EMPTY_BODY = YES;
				CLANG_WARN_ENUM_CONVERSION = YES;
				CLANG_WARN_INFINITE_RECURSION = YES;
				CLANG_WARN_INT_CONVERSION = YES;
				CLANG_WARN_NON_LITERAL_NULL_CONVERSION = YES;
				CLANG_WARN_OBJC_IMPLICIT_RETAIN_SELF = YES;
				CLANG_WARN_OBJC_LITERAL_CONVERSION = YES;
				CLANG_WARN_OBJC_ROOT_CLASS = YES_ERROR;
				CLANG_WARN_QUOTED_INCLUDE_IN_FRAMEWORK_HEADER = YES;
				CLANG_WARN_RANGE_LOOP_ANALYSIS = YES;
				CLANG_WARN_STRICT_PROTOTYPES = YES;
				CLANG_WARN_SUSPICIOUS_MOVE = YES;
				CLANG_WARN_UNGUARDED_AVAILABILITY = YES_AGGRESSIVE;
				CLANG_WARN_UNREACHABLE_CODE = YES;
				CLANG_WARN__DUPLICATE_METHOD_MATCH = YES;
				COPY_PHASE_STRIP = NO;
				DEBUG_INFORMATION_FORMAT = dwarf;
				ENABLE_STRICT_OBJC_MSGSEND = YES;
				ENABLE_TESTABILITY = YES;
				GCC_C_LANGUAGE_STANDARD = gnu11;
				GCC_DYNAMIC_NO_PIC = NO;
				GCC_NO_COMMON_BLOCKS = YES;
				GCC_OPTIMIZATION_LEVEL = 0;
				GCC_PREPROCESSOR_DEFINITIONS = (
					"DEBUG=1",
					"$(inherited)",
				);
				GCC_WARN_64_TO_32_BIT_CONVERSION = YES;
				GCC_WARN_ABOUT_RETURN_TYPE = YES_ERROR;
				GCC_WARN_UNDECLARED_SELECTOR = YES;
				GCC_WARN_UNINITIALIZED_AUTOS = YES_AGGRESSIVE;
				GCC_WARN_UNUSED_FUNCTION = YES;
				GCC_WARN_UNUSED_VARIABLE = YES;
				IPHONEOS_DEPLOYMENT_TARGET = 16.0;
				MTL_ENABLE_DEBUG_INFO = INCLUDE_SOURCE;
				MTL_FAST_MATH = YES;
				ONLY_ACTIVE_ARCH = YES;
				SDKROOT = iphoneos;
				SWIFT_ACTIVE_COMPILATION_CONDITIONS = DEBUG;
				SWIFT_OPTIMIZATION_LEVEL = "-Onone";
			};
			name = Debug;
		};
		0912ED952997F8390006CC38 /* Release */ = {
			isa = XCBuildConfiguration;
			buildSettings = {
				ALWAYS_SEARCH_USER_PATHS = NO;
				CLANG_ANALYZER_NONNULL = YES;
				CLANG_ANALYZER_NUMBER_OBJECT_CONVERSION = YES_AGGRESSIVE;
				CLANG_CXX_LANGUAGE_STANDARD = "gnu++20";
				CLANG_ENABLE_MODULES = YES;
				CLANG_ENABLE_OBJC_ARC = YES;
				CLANG_ENABLE_OBJC_WEAK = YES;
				CLANG_WARN_BLOCK_CAPTURE_AUTORELEASING = YES;
				CLANG_WARN_BOOL_CONVERSION = YES;
				CLANG_WARN_COMMA = YES;
				CLANG_WARN_CONSTANT_CONVERSION = YES;
				CLANG_WARN_DEPRECATED_OBJC_IMPLEMENTATIONS = YES;
				CLANG_WARN_DIRECT_OBJC_ISA_USAGE = YES_ERROR;
				CLANG_WARN_DOCUMENTATION_COMMENTS = YES;
				CLANG_WARN_EMPTY_BODY = YES;
				CLANG_WARN_ENUM_CONVERSION = YES;
				CLANG_WARN_INFINITE_RECURSION = YES;
				CLANG_WARN_INT_CONVERSION = YES;
				CLANG_WARN_NON_LITERAL_NULL_CONVERSION = YES;
				CLANG_WARN_OBJC_IMPLICIT_RETAIN_SELF = YES;
				CLANG_WARN_OBJC_LITERAL_CONVERSION = YES;
				CLANG_WARN_OBJC_ROOT_CLASS = YES_ERROR;
				CLANG_WARN_QUOTED_INCLUDE_IN_FRAMEWORK_HEADER = YES;
				CLANG_WARN_RANGE_LOOP_ANALYSIS = YES;
				CLANG_WARN_STRICT_PROTOTYPES = YES;
				CLANG_WARN_SUSPICIOUS_MOVE = YES;
				CLANG_WARN_UNGUARDED_AVAILABILITY = YES_AGGRESSIVE;
				CLANG_WARN_UNREACHABLE_CODE = YES;
				CLANG_WARN__DUPLICATE_METHOD_MATCH = YES;
				COPY_PHASE_STRIP = NO;
				DEBUG_INFORMATION_FORMAT = "dwarf-with-dsym";
				ENABLE_NS_ASSERTIONS = NO;
				ENABLE_STRICT_OBJC_MSGSEND = YES;
				GCC_C_LANGUAGE_STANDARD = gnu11;
				GCC_NO_COMMON_BLOCKS = YES;
				GCC_WARN_64_TO_32_BIT_CONVERSION = YES;
				GCC_WARN_ABOUT_RETURN_TYPE = YES_ERROR;
				GCC_WARN_UNDECLARED_SELECTOR = YES;
				GCC_WARN_UNINITIALIZED_AUTOS = YES_AGGRESSIVE;
				GCC_WARN_UNUSED_FUNCTION = YES;
				GCC_WARN_UNUSED_VARIABLE = YES;
				IPHONEOS_DEPLOYMENT_TARGET = 16.0;
				MTL_ENABLE_DEBUG_INFO = NO;
				MTL_FAST_MATH = YES;
				SDKROOT = iphoneos;
				SWIFT_COMPILATION_MODE = wholemodule;
				SWIFT_OPTIMIZATION_LEVEL = "-O";
				VALIDATE_PRODUCT = YES;
			};
			name = Release;
		};
		0912ED972997F8390006CC38 /* Debug */ = {
			isa = XCBuildConfiguration;
			buildSettings = {
				ASSETCATALOG_COMPILER_APPICON_NAME = AppIcon;
				ASSETCATALOG_COMPILER_GLOBAL_ACCENT_COLOR_NAME = AccentColor;
				CODE_SIGN_STYLE = Automatic;
				CURRENT_PROJECT_VERSION = 1;
				DEVELOPMENT_TEAM = F575BDA9FB;
				GENERATE_INFOPLIST_FILE = YES;
				INFOPLIST_FILE = TrainingStatistics/SupportingFiles/Info.plist;
				INFOPLIST_KEY_UIApplicationSupportsIndirectInputEvents = YES;
				INFOPLIST_KEY_UILaunchStoryboardName = LaunchScreen;
				INFOPLIST_KEY_UISupportedInterfaceOrientations_iPad = "UIInterfaceOrientationPortrait UIInterfaceOrientationPortraitUpsideDown UIInterfaceOrientationLandscapeLeft UIInterfaceOrientationLandscapeRight";
				INFOPLIST_KEY_UISupportedInterfaceOrientations_iPhone = "UIInterfaceOrientationPortrait UIInterfaceOrientationLandscapeLeft UIInterfaceOrientationLandscapeRight";
				LD_RUNPATH_SEARCH_PATHS = (
					"$(inherited)",
					"@executable_path/Frameworks",
				);
				MARKETING_VERSION = 1.0;
				PRODUCT_BUNDLE_IDENTIFIER = ru.ILYAP.TrainingStatistics;
				PRODUCT_NAME = "$(TARGET_NAME)";
				SWIFT_EMIT_LOC_STRINGS = YES;
				SWIFT_VERSION = 5.0;
				TARGETED_DEVICE_FAMILY = "1,2";
			};
			name = Debug;
		};
		0912ED982997F8390006CC38 /* Release */ = {
			isa = XCBuildConfiguration;
			buildSettings = {
				ASSETCATALOG_COMPILER_APPICON_NAME = AppIcon;
				ASSETCATALOG_COMPILER_GLOBAL_ACCENT_COLOR_NAME = AccentColor;
				CODE_SIGN_STYLE = Automatic;
				CURRENT_PROJECT_VERSION = 1;
				DEVELOPMENT_TEAM = F575BDA9FB;
				GENERATE_INFOPLIST_FILE = YES;
				INFOPLIST_FILE = TrainingStatistics/SupportingFiles/Info.plist;
				INFOPLIST_KEY_UIApplicationSupportsIndirectInputEvents = YES;
				INFOPLIST_KEY_UILaunchStoryboardName = LaunchScreen;
				INFOPLIST_KEY_UISupportedInterfaceOrientations_iPad = "UIInterfaceOrientationPortrait UIInterfaceOrientationPortraitUpsideDown UIInterfaceOrientationLandscapeLeft UIInterfaceOrientationLandscapeRight";
				INFOPLIST_KEY_UISupportedInterfaceOrientations_iPhone = "UIInterfaceOrientationPortrait UIInterfaceOrientationLandscapeLeft UIInterfaceOrientationLandscapeRight";
				LD_RUNPATH_SEARCH_PATHS = (
					"$(inherited)",
					"@executable_path/Frameworks",
				);
				MARKETING_VERSION = 1.0;
				PRODUCT_BUNDLE_IDENTIFIER = ru.ILYAP.TrainingStatistics;
				PRODUCT_NAME = "$(TARGET_NAME)";
				SWIFT_EMIT_LOC_STRINGS = YES;
				SWIFT_VERSION = 5.0;
				TARGETED_DEVICE_FAMILY = "1,2";
			};
			name = Release;
		};
/* End XCBuildConfiguration section */

/* Begin XCConfigurationList section */
		0912ED7D2997F8370006CC38 /* Build configuration list for PBXProject "TrainingStatistics" */ = {
			isa = XCConfigurationList;
			buildConfigurations = (
				0912ED942997F8390006CC38 /* Debug */,
				0912ED952997F8390006CC38 /* Release */,
			);
			defaultConfigurationIsVisible = 0;
			defaultConfigurationName = Release;
		};
		0912ED962997F8390006CC38 /* Build configuration list for PBXNativeTarget "TrainingStatistics" */ = {
			isa = XCConfigurationList;
			buildConfigurations = (
				0912ED972997F8390006CC38 /* Debug */,
				0912ED982997F8390006CC38 /* Release */,
			);
			defaultConfigurationIsVisible = 0;
			defaultConfigurationName = Release;
		};
/* End XCConfigurationList section */
	};
	rootObject = 0912ED7A2997F8370006CC38 /* Project object */;
}
